
Microsoft Visual Studio Solution File, Format Version 12.00
# Visual Studio Version 17
VisualStudioVersion = 17.7.34024.191
MinimumVisualStudioVersion = 10.0.40219.1
Project("{FAE04EC0-301F-11D3-BF4B-00C04F79EFBC}") = "ImageShareLikesHw.Web", "ImageShareLikesHw.Web\ImageShareLikesHw.Web.csproj", "{06A7B1DC-D06A-43A1-BB0F-0367283CE472}"
EndProject
Project("{FAE04EC0-301F-11D3-BF4B-00C04F79EFBC}") = "ImageShareLikes.Data", "ImageShareLikes.Data\ImageShareLikes.Data.csproj", "{815CEF6A-DD05-42A8-B02D-F3DE8418AD47}"
EndProject
Global
	GlobalSection(SolutionConfigurationPlatforms) = preSolution
		Debug|Any CPU = Debug|Any CPU
		Release|Any CPU = Release|Any CPU
	EndGlobalSection
	GlobalSection(ProjectConfigurationPlatforms) = postSolution
		{06A7B1DC-D06A-43A1-BB0F-0367283CE472}.Debug|Any CPU.ActiveCfg = Debug|Any CPU
		{06A7B1DC-D06A-43A1-BB0F-0367283CE472}.Debug|Any CPU.Build.0 = Debug|Any CPU
		{06A7B1DC-D06A-43A1-BB0F-0367283CE472}.Release|Any CPU.ActiveCfg = Release|Any CPU
		{06A7B1DC-D06A-43A1-BB0F-0367283CE472}.Release|Any CPU.Build.0 = Release|Any CPU
		{815CEF6A-DD05-42A8-B02D-F3DE8418AD47}.Debug|Any CPU.ActiveCfg = Debug|Any CPU
		{815CEF6A-DD05-42A8-B02D-F3DE8418AD47}.Debug|Any CPU.Build.0 = Debug|Any CPU
		{815CEF6A-DD05-42A8-B02D-F3DE8418AD47}.Release|Any CPU.ActiveCfg = Release|Any CPU
		{815CEF6A-DD05-42A8-B02D-F3DE8418AD47}.Release|Any CPU.Build.0 = Release|Any CPU
	EndGlobalSection
	GlobalSection(SolutionProperties) = preSolution
		HideSolutionNode = FALSE
	EndGlobalSection
	GlobalSection(ExtensibilityGlobals) = postSolution
		SolutionGuid = {E86274FF-F667-4B18-8FE6-A4C4C9EE9A81}
	EndGlobalSection
EndGlobal
